
Microsoft Visual Studio Solution File, Format Version 12.00
# Visual Studio Version 17
VisualStudioVersion = 17.13.35919.96
MinimumVisualStudioVersion = 10.0.40219.1
Project("{FAE04EC0-301F-11D3-BF4B-00C04F79EFBC}") = "ConsoleProject", "ConsoleProject\ConsoleProject.csproj", "{1ED9BC2C-A6B5-44B9-8E18-40C75036D74D}"
EndProject
Global
	GlobalSection(SolutionConfigurationPlatforms) = preSolution
		Debug|Any CPU = Debug|Any CPU
		Release|Any CPU = Release|Any CPU
	EndGlobalSection
	GlobalSection(ProjectConfigurationPlatforms) = postSolution
		{1ED9BC2C-A6B5-44B9-8E18-40C75036D74D}.Debug|Any CPU.ActiveCfg = Debug|Any CPU
		{1ED9BC2C-A6B5-44B9-8E18-40C75036D74D}.Debug|Any CPU.Build.0 = Debug|Any CPU
		{1ED9BC2C-A6B5-44B9-8E18-40C75036D74D}.Release|Any CPU.ActiveCfg = Release|Any CPU
		{1ED9BC2C-A6B5-44B9-8E18-40C75036D74D}.Release|Any CPU.Build.0 = Release|Any CPU
	EndGlobalSection
	GlobalSection(SolutionProperties) = preSolution
		HideSolutionNode = FALSE
	EndGlobalSection
	GlobalSection(ExtensibilityGlobals) = postSolution
		SolutionGuid = {63E3731F-EF07-41D8-8993-59177A9AFA40}
	EndGlobalSection
EndGlobal
